
Microsoft Visual Studio Solution File, Format Version 12.00
# Visual Studio Version 17
VisualStudioVersion = 17.1.32210.238
MinimumVisualStudioVersion = 10.0.40219.1
Project("{9A19103F-16F7-4668-BE54-9A1E7A4F7556}") = "QuanLyCuaHangMyPham", "QuanLyCuaHangMyPham\QuanLyCuaHangMyPham.csproj", "{0E7C10AC-F65A-432E-B28F-6756FA0FE84E}"
EndProject
Project("{9A19103F-16F7-4668-BE54-9A1E7A4F7556}") = "QuanLyCuaHangMyPhamTests", "QuanLyCuaHangMyPhamTests\QuanLyCuaHangMyPhamTests.csproj", "{376093C2-B99C-49AF-96B9-1F6495641A84}"
EndProject
Project("{FAE04EC0-301F-11D3-BF4B-00C04F79EFBC}") = "CosmeticLib", "CosmeticLib\CosmeticLib.csproj", "{B6FF78AE-7DBE-4952-A01D-8780143BF1FC}"
EndProject
Global
	GlobalSection(SolutionConfigurationPlatforms) = preSolution
		Debug|Any CPU = Debug|Any CPU
		Release|Any CPU = Release|Any CPU
	EndGlobalSection
	GlobalSection(ProjectConfigurationPlatforms) = postSolution
		{0E7C10AC-F65A-432E-B28F-6756FA0FE84E}.Debug|Any CPU.ActiveCfg = Debug|Any CPU
		{0E7C10AC-F65A-432E-B28F-6756FA0FE84E}.Debug|Any CPU.Build.0 = Debug|Any CPU
		{0E7C10AC-F65A-432E-B28F-6756FA0FE84E}.Release|Any CPU.ActiveCfg = Release|Any CPU
		{0E7C10AC-F65A-432E-B28F-6756FA0FE84E}.Release|Any CPU.Build.0 = Release|Any CPU
		{376093C2-B99C-49AF-96B9-1F6495641A84}.Debug|Any CPU.ActiveCfg = Debug|Any CPU
		{376093C2-B99C-49AF-96B9-1F6495641A84}.Debug|Any CPU.Build.0 = Debug|Any CPU
		{376093C2-B99C-49AF-96B9-1F6495641A84}.Release|Any CPU.ActiveCfg = Release|Any CPU
		{376093C2-B99C-49AF-96B9-1F6495641A84}.Release|Any CPU.Build.0 = Release|Any CPU
		{B6FF78AE-7DBE-4952-A01D-8780143BF1FC}.Debug|Any CPU.ActiveCfg = Debug|Any CPU
		{B6FF78AE-7DBE-4952-A01D-8780143BF1FC}.Debug|Any CPU.Build.0 = Debug|Any CPU
		{B6FF78AE-7DBE-4952-A01D-8780143BF1FC}.Release|Any CPU.ActiveCfg = Release|Any CPU
		{B6FF78AE-7DBE-4952-A01D-8780143BF1FC}.Release|Any CPU.Build.0 = Release|Any CPU
	EndGlobalSection
	GlobalSection(SolutionProperties) = preSolution
		HideSolutionNode = FALSE
	EndGlobalSection
	GlobalSection(ExtensibilityGlobals) = postSolution
		SolutionGuid = {9BA9BB7F-B943-41BE-ACDC-C3F5603F3EA1}
	EndGlobalSection
EndGlobal
